
Microsoft Visual Studio Solution File, Format Version 12.00
# Visual Studio Version 16
VisualStudioVersion = 16.0.30413.136
MinimumVisualStudioVersion = 10.0.40219.1
Project("{2150E333-8FDC-42A3-9474-1A3956D46DE8}") = "Problem1", "Problem1", "{B9319853-0D14-4008-B7AC-FA2CFCE5425F}"
EndProject
Project("{9A19103F-16F7-4668-BE54-9A1E7A4F7556}") = "ProjectEuler.Problem1", "Problem1\ProjectEuler.Problem1\ProjectEuler.Problem1.csproj", "{7BE7D3E4-D8E3-4089-8C22-1A7A88FAECCB}"
EndProject
Project("{9A19103F-16F7-4668-BE54-9A1E7A4F7556}") = "ProjectEuler.Problem1.Tests", "Problem1\ProjectEuler.Problem1.Tests\ProjectEuler.Problem1.Tests.csproj", "{39E2AF45-5B79-4D63-A5A5-1DF3D13D873E}"
EndProject
Project("{2150E333-8FDC-42A3-9474-1A3956D46DE8}") = "Problem2", "Problem2", "{68632DBD-08B6-4CA1-A686-3253ECA804CB}"
EndProject
Project("{9A19103F-16F7-4668-BE54-9A1E7A4F7556}") = "ProjectEuler.Problem2", "Problem2\ProjectEuler.Problem2\ProjectEuler.Problem2.csproj", "{E45FD237-8CFC-4974-AF1A-D5EFB55A2303}"
EndProject
Project("{9A19103F-16F7-4668-BE54-9A1E7A4F7556}") = "ProjectEuler.Problem2.Tests", "Problem2\ProjectEuler.Problem2.Tests\ProjectEuler.Problem2.Tests.csproj", "{262828A7-0958-4AEB-B651-C41892B92161}"
EndProject
Project("{9A19103F-16F7-4668-BE54-9A1E7A4F7556}") = "ProjectEuler.Web", "ProjectEuler.Web\ProjectEuler.Web.csproj", "{3CBB7532-497F-40CD-A69A-02B42B152654}"
EndProject
Project("{9A19103F-16F7-4668-BE54-9A1E7A4F7556}") = "ProjectEuler.Web.Tests", "ProjectEuler.Web.Tests\ProjectEuler.Web.Tests.csproj", "{ECE33336-B0F2-4046-89A0-28131087A767}"
EndProject
Global
	GlobalSection(SolutionConfigurationPlatforms) = preSolution
		Debug|Any CPU = Debug|Any CPU
		Release|Any CPU = Release|Any CPU
	EndGlobalSection
	GlobalSection(ProjectConfigurationPlatforms) = postSolution
		{7BE7D3E4-D8E3-4089-8C22-1A7A88FAECCB}.Debug|Any CPU.ActiveCfg = Debug|Any CPU
		{7BE7D3E4-D8E3-4089-8C22-1A7A88FAECCB}.Debug|Any CPU.Build.0 = Debug|Any CPU
		{7BE7D3E4-D8E3-4089-8C22-1A7A88FAECCB}.Release|Any CPU.ActiveCfg = Release|Any CPU
		{7BE7D3E4-D8E3-4089-8C22-1A7A88FAECCB}.Release|Any CPU.Build.0 = Release|Any CPU
		{39E2AF45-5B79-4D63-A5A5-1DF3D13D873E}.Debug|Any CPU.ActiveCfg = Debug|Any CPU
		{39E2AF45-5B79-4D63-A5A5-1DF3D13D873E}.Debug|Any CPU.Build.0 = Debug|Any CPU
		{39E2AF45-5B79-4D63-A5A5-1DF3D13D873E}.Release|Any CPU.ActiveCfg = Release|Any CPU
		{39E2AF45-5B79-4D63-A5A5-1DF3D13D873E}.Release|Any CPU.Build.0 = Release|Any CPU
		{E45FD237-8CFC-4974-AF1A-D5EFB55A2303}.Debug|Any CPU.ActiveCfg = Debug|Any CPU
		{E45FD237-8CFC-4974-AF1A-D5EFB55A2303}.Debug|Any CPU.Build.0 = Debug|Any CPU
		{E45FD237-8CFC-4974-AF1A-D5EFB55A2303}.Release|Any CPU.ActiveCfg = Release|Any CPU
		{E45FD237-8CFC-4974-AF1A-D5EFB55A2303}.Release|Any CPU.Build.0 = Release|Any CPU
		{262828A7-0958-4AEB-B651-C41892B92161}.Debug|Any CPU.ActiveCfg = Debug|Any CPU
		{262828A7-0958-4AEB-B651-C41892B92161}.Debug|Any CPU.Build.0 = Debug|Any CPU
		{262828A7-0958-4AEB-B651-C41892B92161}.Release|Any CPU.ActiveCfg = Release|Any CPU
		{262828A7-0958-4AEB-B651-C41892B92161}.Release|Any CPU.Build.0 = Release|Any CPU
		{3CBB7532-497F-40CD-A69A-02B42B152654}.Debug|Any CPU.ActiveCfg = Debug|Any CPU
		{3CBB7532-497F-40CD-A69A-02B42B152654}.Debug|Any CPU.Build.0 = Debug|Any CPU
		{3CBB7532-497F-40CD-A69A-02B42B152654}.Release|Any CPU.ActiveCfg = Release|Any CPU
		{3CBB7532-497F-40CD-A69A-02B42B152654}.Release|Any CPU.Build.0 = Release|Any CPU
		{ECE33336-B0F2-4046-89A0-28131087A767}.Debug|Any CPU.ActiveCfg = Debug|Any CPU
		{ECE33336-B0F2-4046-89A0-28131087A767}.Debug|Any CPU.Build.0 = Debug|Any CPU
		{ECE33336-B0F2-4046-89A0-28131087A767}.Release|Any CPU.ActiveCfg = Release|Any CPU
		{ECE33336-B0F2-4046-89A0-28131087A767}.Release|Any CPU.Build.0 = Release|Any CPU
	EndGlobalSection
	GlobalSection(SolutionProperties) = preSolution
		HideSolutionNode = FALSE
	EndGlobalSection
	GlobalSection(NestedProjects) = preSolution
		{7BE7D3E4-D8E3-4089-8C22-1A7A88FAECCB} = {B9319853-0D14-4008-B7AC-FA2CFCE5425F}
		{39E2AF45-5B79-4D63-A5A5-1DF3D13D873E} = {B9319853-0D14-4008-B7AC-FA2CFCE5425F}
		{E45FD237-8CFC-4974-AF1A-D5EFB55A2303} = {68632DBD-08B6-4CA1-A686-3253ECA804CB}
		{262828A7-0958-4AEB-B651-C41892B92161} = {68632DBD-08B6-4CA1-A686-3253ECA804CB}
	EndGlobalSection
	GlobalSection(ExtensibilityGlobals) = postSolution
		SolutionGuid = {56A38459-0E26-46F1-8C75-E8F741472753}
	EndGlobalSection
EndGlobal
